<?xml version="1.0" encoding="utf-8"?>
<Project ToolsVersion="4.0" xmlns="http://schemas.microsoft.com/developer/msbuild/2003">
  <ItemGroup>
    <Filter Include="Source Files">
      <UniqueIdentifier>{4FC737F1-C7A5-4376-A066-2A32D752A2FF}</UniqueIdentifier>
      <Extensions>cpp;c;cc;cxx;def;odl;idl;hpj;bat;asm;asmx</Extensions>
    </Filter>
    <Filter Include="Source Files\ResourceManagers">
      <UniqueIdentifier>{d7e2eb27-6fdd-4a07-b58a-e4a5462fd7cc}</UniqueIdentifier>
    </Filter>
    <Filter Include="Source Files\Game">
      <UniqueIdentifier>{4b0c2abe-d69b-489f-92e1-ed815a485330}</UniqueIdentifier>
    </Filter>
    <Filter Include="Source Files\State">
      <UniqueIdentifier>{8daaa191-e11e-4e4b-93b2-e9eb7fae9ce5}</UniqueIdentifier>
    </Filter>
    <Filter Include="Source Files\Scene">
      <UniqueIdentifier>{460ee977-210f-4f0f-b141-245499b4a7fb}</UniqueIdentifier>
    </Filter>
    <Filter Include="Source Files\Scene\Player">
      <UniqueIdentifier>{4b325d8f-cea7-47a8-b386-52258d3cfedf}</UniqueIdentifier>
    </Filter>
    <Filter Include="Source Files\Scene\Enemy">
      <UniqueIdentifier>{1e3975ba-97a7-408f-a39a-91006e699a10}</UniqueIdentifier>
    </Filter>
    <Filter Include="Source Files\Math">
      <UniqueIdentifier>{f84e8448-493c-45a2-8355-1cba241e1bf5}</UniqueIdentifier>
    </Filter>
    <Filter Include="Source Files\Scene\Weapon">
      <UniqueIdentifier>{82fc247e-a298-46cb-bf72-6d258b17dced}</UniqueIdentifier>
    </Filter>
  </ItemGroup>
  <ItemGroup>
    <ClCompile Include="source\Main.cpp">
      <Filter>Source Files</Filter>
    </ClCompile>
    <ClCompile Include="source\State\State.cpp">
      <Filter>Source Files\State</Filter>
    </ClCompile>
    <ClCompile Include="source\State\StateStack.cpp">
      <Filter>Source Files\State</Filter>
    </ClCompile>
    <ClCompile Include="source\State\GameState.cpp">
      <Filter>Source Files\State</Filter>
    </ClCompile>
    <ClCompile Include="source\Scene\SceneNode.cpp">
      <Filter>Source Files\Scene</Filter>
    </ClCompile>
    <ClCompile Include="source\Scene\Entity.cpp">
      <Filter>Source Files\Scene</Filter>
    </ClCompile>
    <ClCompile Include="source\Scene\Player\BigShip.cpp">
      <Filter>Source Files\Scene\Player</Filter>
    </ClCompile>
    <ClCompile Include="source\Scene\Player\LittleShip.cpp">
      <Filter>Source Files\Scene\Player</Filter>
    </ClCompile>
    <ClCompile Include="source\Scene\BackgroundNode.cpp">
      <Filter>Source Files\Scene</Filter>
    </ClCompile>
    <ClCompile Include="source\Resource Managers\ResourceLoader.cpp">
      <Filter>Source Files\ResourceManagers</Filter>
    </ClCompile>
    <ClCompile Include="source\Scene\Enemy\Asteroid.cpp">
      <Filter>Source Files\Scene\Enemy</Filter>
    </ClCompile>
    <ClCompile Include="source\Math\GeneralMath.cpp">
      <Filter>Source Files\Math</Filter>
    </ClCompile>
    <ClCompile Include="source\Resource Managers\EntityLoader.cpp">
      <Filter>Source Files\ResourceManagers</Filter>
    </ClCompile>
    <ClCompile Include="source\Scene\Weapon\Weapon.cpp">
      <Filter>Source Files\Scene\Weapon</Filter>
	 </ClCompile>
    <ClCompile Include="source\Scene\World.cpp">
      <Filter>Source Files\Scene</Filter>
    </ClCompile>
  </ItemGroup>
  <ItemGroup>
    <ClCompile Include="source\Game.cpp">
      <Filter>Source Files\Game</Filter>
    </ClCompile>
  </ItemGroup>
  <ItemGroup>
    <ClInclude Include="source\Game.h">
      <Filter>Source Files\Game</Filter>
    </ClInclude>
    <ClInclude Include="source\Resource Managers\ResourceManager.h">
      <Filter>Source Files\ResourceManagers</Filter>
    </ClInclude>
    <ClInclude Include="source\State\State.h">
      <Filter>Source Files\State</Filter>
    </ClInclude>
    <ClInclude Include="source\State\StateStack.h">
      <Filter>Source Files\State</Filter>
    </ClInclude>
    <ClInclude Include="source\State\GameState.h">
      <Filter>Source Files\State</Filter>
    </ClInclude>
    <ClInclude Include="source\State\StateIdentifiers.h">
      <Filter>Source Files\State</Filter>
    </ClInclude>
    <ClInclude Include="source\Scene\SceneNode.h">
      <Filter>Source Files\Scene</Filter>
    </ClInclude>
    <ClInclude Include="source\Scene\Entity.h">
      <Filter>Source Files\Scene</Filter>
    </ClInclude>
    <ClInclude Include="source\Scene\Player\BigShip.h">
      <Filter>Source Files\Scene\Player</Filter>
    </ClInclude>
    <ClInclude Include="source\Scene\Player\LittleShip.h">
      <Filter>Source Files\Scene\Player</Filter>
    </ClInclude>
    <ClInclude Include="source\Scene\BackgroundNode.h">
      <Filter>Source Files\Scene</Filter>
    </ClInclude>
    <ClInclude Include="source\Resource Managers\ResourceLoader.h">
      <Filter>Source Files\ResourceManagers</Filter>
    </ClInclude>
    <ClInclude Include="source\Scene\Enemy\Asteroid.h">
      <Filter>Source Files\Scene\Enemy</Filter>
    </ClInclude>
    <ClInclude Include="source\Math\GeneralMath.h">
      <Filter>Source Files\Math</Filter>
    </ClInclude>
    <ClInclude Include="source\Resource Managers\EntityLoader.h">
      <Filter>Source Files\ResourceManagers</Filter>
    </ClInclude>
    <ClInclude Include="source\Scene\Weapon\Weapon.h">
      <Filter>Source Files\Scene\Weapon</Filter>
	</ClInclude>
    <ClInclude Include="source\Scene\World.h">
      <Filter>Source Files\Scene</Filter>
    </ClInclude>
  </ItemGroup>
  <ItemGroup>
    <None Include="source\Math\GeneralMath.inl">
      <Filter>Source Files\Math</Filter>
    </None>
  </ItemGroup>
</Project>