<?xml version="1.0" encoding="utf-8"?>
<Project ToolsVersion="4.0" xmlns="http://schemas.microsoft.com/developer/msbuild/2003">
  <ItemGroup>
    <Filter Include="Source Files">
      <UniqueIdentifier>{4FC737F1-C7A5-4376-A066-2A32D752A2FF}</UniqueIdentifier>
      <Extensions>cpp;c;cc;cxx;def;odl;idl;hpj;bat;asm;asmx</Extensions>
    </Filter>
    <Filter Include="Source Files\ResourceManagers">
      <UniqueIdentifier>{d7e2eb27-6fdd-4a07-b58a-e4a5462fd7cc}</UniqueIdentifier>
    </Filter>
    <Filter Include="Source Files\Game">
      <UniqueIdentifier>{4b0c2abe-d69b-489f-92e1-ed815a485330}</UniqueIdentifier>
    </Filter>
    <Filter Include="Source Files\State">
      <UniqueIdentifier>{8daaa191-e11e-4e4b-93b2-e9eb7fae9ce5}</UniqueIdentifier>
    </Filter>
  </ItemGroup>
  <ItemGroup>
    <ClCompile Include="source\Main.cpp">
      <Filter>Source Files</Filter>
    </ClCompile>
    <ClCompile Include="source\State\State.cpp">
      <Filter>Source Files\State</Filter>
    </ClCompile>
    <ClCompile Include="source\State\StateStack.cpp">
      <Filter>Source Files\State</Filter>
    </ClCompile>
    <ClCompile Include="source\State\GameState.cpp">
      <Filter>Source Files\State</Filter>
    </ClCompile>
  </ItemGroup>
  <ItemGroup>
    <ClCompile Include="source\Game.cpp">
      <Filter>Source Files\Game</Filter>
    </ClCompile>
  </ItemGroup>
  <ItemGroup>
    <ClInclude Include="source\Game.h">
      <Filter>Source Files\Game</Filter>
    </ClInclude>
    <ClInclude Include="source\Resource Managers\ResourceManager.h">
      <Filter>Source Files\ResourceManagers</Filter>
    </ClInclude>
    <ClInclude Include="source\State\State.h">
      <Filter>Source Files\State</Filter>
    </ClInclude>
    <ClInclude Include="source\State\StateStack.h">
      <Filter>Source Files\State</Filter>
    </ClInclude>
    <ClInclude Include="source\State\GameState.h">
      <Filter>Source Files\State</Filter>
    </ClInclude>
    <ClInclude Include="source\State\StateIdentifiers.h">
      <Filter>Source Files\State</Filter>
    </ClInclude>
  </ItemGroup>
</Project>